
Microsoft Visual Studio Solution File, Format Version 12.00
# Visual Studio Version 17
VisualStudioVersion = 17.5.002.0
MinimumVisualStudioVersion = 10.0.40219.1
Project("{9A19103F-16F7-4668-BE54-9A1E7A4F7556}") = "TransRiwi", "TransRiwi.csproj", "{2514302E-FF6B-47F1-8F1B-13A9DF83D36D}"
EndProject
Global
	GlobalSection(SolutionConfigurationPlatforms) = preSolution
		Debug|Any CPU = Debug|Any CPU
		Release|Any CPU = Release|Any CPU
	EndGlobalSection
	GlobalSection(ProjectConfigurationPlatforms) = postSolution
		{2514302E-FF6B-47F1-8F1B-13A9DF83D36D}.Debug|Any CPU.ActiveCfg = Debug|Any CPU
		{2514302E-FF6B-47F1-8F1B-13A9DF83D36D}.Debug|Any CPU.Build.0 = Debug|Any CPU
		{2514302E-FF6B-47F1-8F1B-13A9DF83D36D}.Release|Any CPU.ActiveCfg = Release|Any CPU
		{2514302E-FF6B-47F1-8F1B-13A9DF83D36D}.Release|Any CPU.Build.0 = Release|Any CPU
	EndGlobalSection
	GlobalSection(SolutionProperties) = preSolution
		HideSolutionNode = FALSE
	EndGlobalSection
	GlobalSection(ExtensibilityGlobals) = postSolution
		SolutionGuid = {892E1146-5A48-4456-B279-A43D9043EDA2}
	EndGlobalSection
EndGlobal
